{
  "version": 4,
  "terraform_version": "1.3.9",
  "serial": 49,
  "lineage": "3d76b40a-0554-399c-0e88-e0a3a929926e",
  "outputs": {
    "puppet_agent_ip": {
      "value": "10.68.2.116",
      "type": "string"
    },
    "puppet_master_ip": {
      "value": "212.162.147.102",
      "type": "string"
    }
  },
  "resources": [
    {
      "mode": "managed",
      "type": "openstack_compute_instance_v2",
      "name": "puppet_agent",
      "provider": "provider[\"registry.terraform.io/terraform-provider-openstack/openstack\"]",
      "instances": [
        {
          "schema_version": 0,
          "attributes": {
            "access_ip_v4": "10.68.2.116",
            "access_ip_v6": "[2a09:d400:0:2::181]",
            "admin_pass": null,
            "all_metadata": {},
            "all_tags": [],
            "availability_zone": "nova",
            "availability_zone_hints": null,
            "block_device": [],
            "config_drive": null,
            "created": "2023-02-28 14:41:49 +0000 UTC",
            "flavor_id": "9268de17-2d5b-4885-bc53-155f093aed6d",
            "flavor_name": "l2.c2r4.100",
            "floating_ip": null,
            "force_delete": false,
            "id": "3a8517a3-abbd-4d31-b55d-53361693a646",
            "image_id": "cfc0ca97-780b-4fa5-aa87-44e4f41a0766",
            "image_name": "ubuntu-20.04",
            "key_pair": "VM170-Key",
            "metadata": null,
            "name": "puppet-agent",
            "network": [
              {
                "access_network": false,
                "fixed_ip_v4": "10.68.2.116",
                "fixed_ip_v6": "[2a09:d400:0:2::181]",
                "floating_ip": "",
                "mac": "fa:16:3e:5b:5b:90",
                "name": "default",
                "port": "",
                "uuid": "14ff54e0-80e4-492b-a54a-8c4d4097ed8f"
              }
            ],
            "network_mode": null,
            "personality": [],
            "power_state": "active",
            "region": "osl1",
            "scheduler_hints": [],
            "security_groups": [
              "default"
            ],
            "stop_before_destroy": false,
            "tags": null,
            "timeouts": null,
            "updated": "2023-02-28 14:41:55 +0000 UTC",
            "user_data": null,
            "vendor_options": [],
            "volume": []
          },
          "sensitive_attributes": [],
          "private": "eyJlMmJmYjczMC1lY2FhLTExZTYtOGY4OC0zNDM2M2JjN2M0YzAiOnsiY3JlYXRlIjoxODAwMDAwMDAwMDAwLCJkZWxldGUiOjE4MDAwMDAwMDAwMDAsInVwZGF0ZSI6MTgwMDAwMDAwMDAwMH19",
          "dependencies": [
            "openstack_compute_instance_v2.puppet_master"
          ]
        }
      ]
    },
    {
      "mode": "managed",
      "type": "openstack_compute_instance_v2",
      "name": "puppet_master",
      "provider": "provider[\"registry.terraform.io/terraform-provider-openstack/openstack\"]",
      "instances": [
        {
          "schema_version": 0,
          "attributes": {
            "access_ip_v4": "212.162.147.102",
            "access_ip_v6": "[2a09:d400:0:1::3cf]",
            "admin_pass": null,
            "all_metadata": {},
            "all_tags": [],
            "availability_zone": "nova",
            "availability_zone_hints": null,
            "block_device": [],
            "config_drive": null,
            "created": "2023-02-28 14:39:16 +0000 UTC",
            "flavor_id": "9268de17-2d5b-4885-bc53-155f093aed6d",
            "flavor_name": "l2.c2r4.100",
            "floating_ip": null,
            "force_delete": false,
            "id": "0b19045a-42e3-432f-9ed2-8bf528167b85",
            "image_id": "cfc0ca97-780b-4fa5-aa87-44e4f41a0766",
            "image_name": "ubuntu-20.04",
            "key_pair": "VM170-Key",
            "metadata": null,
            "name": "puppet_master-AK",
            "network": [
              {
                "access_network": false,
                "fixed_ip_v4": "212.162.147.102",
                "fixed_ip_v6": "[2a09:d400:0:1::3cf]",
                "floating_ip": "",
                "mac": "fa:16:3e:e1:01:44",
                "name": "public",
                "port": "",
                "uuid": "33dc493f-f4d5-4ab4-bf8e-43bee3faf3ef"
              }
            ],
            "network_mode": null,
            "personality": [],
            "power_state": "active",
            "region": "osl1",
            "scheduler_hints": [],
            "security_groups": [
              "default"
            ],
            "stop_before_destroy": false,
            "tags": null,
            "timeouts": null,
            "updated": "2023-02-28 14:39:23 +0000 UTC",
            "user_data": null,
            "vendor_options": [],
            "volume": []
          },
          "sensitive_attributes": [],
          "private": "eyJlMmJmYjczMC1lY2FhLTExZTYtOGY4OC0zNDM2M2JjN2M0YzAiOnsiY3JlYXRlIjoxODAwMDAwMDAwMDAwLCJkZWxldGUiOjE4MDAwMDAwMDAwMDAsInVwZGF0ZSI6MTgwMDAwMDAwMDAwMH19"
        }
      ]
    }
  ],
  "check_results": null
}
