{
  "version": 4,
  "terraform_version": "1.3.9",
  "serial": 72,
  "lineage": "c39dc202-b572-9ed8-4354-1dc0b460cca6",
  "outputs": {
    "devserver_ip": {
      "value": "10.68.0.90",
      "type": "string"
    },
    "puppet_master_ip": {
      "value": "212.162.147.11",
      "type": "string"
    },
    "webserver_ip": {
      "value": "212.162.147.212",
      "type": "string"
    }
  },
  "resources": [
    {
      "mode": "managed",
      "type": "openstack_compute_instance_v2",
      "name": "devserver",
      "provider": "provider[\"registry.terraform.io/terraform-provider-openstack/openstack\"]",
      "instances": [
        {
          "schema_version": 0,
          "attributes": {
            "access_ip_v4": "10.68.0.90",
            "access_ip_v6": "[2a09:d400:0:2::402]",
            "admin_pass": null,
            "all_metadata": {},
            "all_tags": [],
            "availability_zone": "nova",
            "availability_zone_hints": null,
            "block_device": [],
            "config_drive": null,
            "created": "2023-03-04 08:50:38 +0000 UTC",
            "flavor_id": "9268de17-2d5b-4885-bc53-155f093aed6d",
            "flavor_name": "l2.c2r4.100",
            "floating_ip": null,
            "force_delete": false,
            "id": "244fbec4-d861-4ed7-8e73-5c9957d648ea",
            "image_id": "aac74808-9dba-4f49-a530-70a23b4163f3",
            "image_name": "ubuntu-22.04",
            "key_pair": "VM170-Key",
            "metadata": null,
            "name": "devserver",
            "network": [
              {
                "access_network": false,
                "fixed_ip_v4": "10.68.0.90",
                "fixed_ip_v6": "[2a09:d400:0:2::402]",
                "floating_ip": "",
                "mac": "fa:16:3e:c6:b3:52",
                "name": "default",
                "port": "",
                "uuid": "14ff54e0-80e4-492b-a54a-8c4d4097ed8f"
              }
            ],
            "network_mode": null,
            "personality": [],
            "power_state": "active",
            "region": "osl1",
            "scheduler_hints": [],
            "security_groups": [
              "default"
            ],
            "stop_before_destroy": false,
            "tags": null,
            "timeouts": null,
            "updated": "2023-03-04 08:50:48 +0000 UTC",
            "user_data": null,
            "vendor_options": [],
            "volume": []
          },
          "sensitive_attributes": [],
          "private": "eyJlMmJmYjczMC1lY2FhLTExZTYtOGY4OC0zNDM2M2JjN2M0YzAiOnsiY3JlYXRlIjoxODAwMDAwMDAwMDAwLCJkZWxldGUiOjE4MDAwMDAwMDAwMDAsInVwZGF0ZSI6MTgwMDAwMDAwMDAwMH19",
          "dependencies": [
            "openstack_compute_instance_v2.puppet_master",
            "openstack_compute_keypair_v2.web_dev_key"
          ]
        }
      ]
    },
    {
      "mode": "managed",
      "type": "openstack_compute_instance_v2",
      "name": "puppet_master",
      "provider": "provider[\"registry.terraform.io/terraform-provider-openstack/openstack\"]",
      "instances": [
        {
          "schema_version": 0,
          "attributes": {
            "access_ip_v4": "212.162.147.11",
            "access_ip_v6": "[2a09:d400:0:1::177]",
            "admin_pass": null,
            "all_metadata": {},
            "all_tags": [],
            "availability_zone": "nova",
            "availability_zone_hints": null,
            "block_device": [],
            "config_drive": null,
            "created": "2023-03-04 08:48:41 +0000 UTC",
            "flavor_id": "9268de17-2d5b-4885-bc53-155f093aed6d",
            "flavor_name": "l2.c2r4.100",
            "floating_ip": null,
            "force_delete": false,
            "id": "6325d7f6-2170-47d1-8ad1-b00227554f4b",
            "image_id": "aac74808-9dba-4f49-a530-70a23b4163f3",
            "image_name": "ubuntu-22.04",
            "key_pair": "VM170-Key",
            "metadata": null,
            "name": "puppetmaster",
            "network": [
              {
                "access_network": false,
                "fixed_ip_v4": "212.162.147.11",
                "fixed_ip_v6": "[2a09:d400:0:1::177]",
                "floating_ip": "",
                "mac": "fa:16:3e:26:96:bd",
                "name": "public",
                "port": "",
                "uuid": "33dc493f-f4d5-4ab4-bf8e-43bee3faf3ef"
              }
            ],
            "network_mode": null,
            "personality": [],
            "power_state": "active",
            "region": "osl1",
            "scheduler_hints": [],
            "security_groups": [
              "default"
            ],
            "stop_before_destroy": false,
            "tags": null,
            "timeouts": null,
            "updated": "2023-03-04 08:48:48 +0000 UTC",
            "user_data": null,
            "vendor_options": [],
            "volume": []
          },
          "sensitive_attributes": [],
          "private": "eyJlMmJmYjczMC1lY2FhLTExZTYtOGY4OC0zNDM2M2JjN2M0YzAiOnsiY3JlYXRlIjoxODAwMDAwMDAwMDAwLCJkZWxldGUiOjE4MDAwMDAwMDAwMDAsInVwZGF0ZSI6MTgwMDAwMDAwMDAwMH19"
        }
      ]
    },
    {
      "mode": "managed",
      "type": "openstack_compute_instance_v2",
      "name": "webserver",
      "provider": "provider[\"registry.terraform.io/terraform-provider-openstack/openstack\"]",
      "instances": [
        {
          "schema_version": 0,
          "attributes": {
            "access_ip_v4": "212.162.147.212",
            "access_ip_v6": "[2a09:d400:0:1::259]",
            "admin_pass": null,
            "all_metadata": {},
            "all_tags": [],
            "availability_zone": "nova",
            "availability_zone_hints": null,
            "block_device": [],
            "config_drive": null,
            "created": "2023-03-04 08:50:38 +0000 UTC",
            "flavor_id": "9268de17-2d5b-4885-bc53-155f093aed6d",
            "flavor_name": "l2.c2r4.100",
            "floating_ip": null,
            "force_delete": false,
            "id": "f8308b9b-d343-4dd3-9d99-a47f9a58b1d8",
            "image_id": "aac74808-9dba-4f49-a530-70a23b4163f3",
            "image_name": "ubuntu-22.04",
            "key_pair": "dev-key",
            "metadata": null,
            "name": "webserver",
            "network": [
              {
                "access_network": false,
                "fixed_ip_v4": "212.162.147.212",
                "fixed_ip_v6": "[2a09:d400:0:1::259]",
                "floating_ip": "",
                "mac": "fa:16:3e:7d:8b:d9",
                "name": "public",
                "port": "",
                "uuid": "33dc493f-f4d5-4ab4-bf8e-43bee3faf3ef"
              }
            ],
            "network_mode": null,
            "personality": [],
            "power_state": "active",
            "region": "osl1",
            "scheduler_hints": [],
            "security_groups": [
              "default"
            ],
            "stop_before_destroy": false,
            "tags": null,
            "timeouts": null,
            "updated": "2023-03-04 08:50:46 +0000 UTC",
            "user_data": null,
            "vendor_options": [],
            "volume": []
          },
          "sensitive_attributes": [],
          "private": "eyJlMmJmYjczMC1lY2FhLTExZTYtOGY4OC0zNDM2M2JjN2M0YzAiOnsiY3JlYXRlIjoxODAwMDAwMDAwMDAwLCJkZWxldGUiOjE4MDAwMDAwMDAwMDAsInVwZGF0ZSI6MTgwMDAwMDAwMDAwMH19",
          "dependencies": [
            "openstack_compute_instance_v2.puppet_master",
            "openstack_compute_keypair_v2.web_dev_key"
          ]
        }
      ]
    },
    {
      "mode": "managed",
      "type": "openstack_compute_keypair_v2",
      "name": "web_dev_key",
      "provider": "provider[\"registry.terraform.io/terraform-provider-openstack/openstack\"]",
      "instances": [
        {
          "schema_version": 0,
          "attributes": {
            "fingerprint": "6f:d0:2d:0c:e1:af:66:44:b7:59:f6:73:52:1f:20:62",
            "id": "dev-key",
            "name": "dev-key",
            "private_key": "-----BEGIN RSA PRIVATE KEY-----\nMIIEowIBAAKCAQEAraD1O7fSR3PEj2OppK1yQko/aBIWpCSxmAbKlDt4D0fsm+0J\nAek2Q311lecJFywtI95ZmHDdrQIz6/yF1kRdxt+nOIbhmqiDJlPoWlEreWOt9/Wh\nW76Fe7g2+yYSE7QponTAUSkj26xjD1Ca8pv+JDYBQM7+UoeUNibRwr6If51CyMrd\n9a6gGMNTF+TRYjyCqqKT7/vvX2/Kc6IeYe5aTigKnT2hKn6UB90aeTrt+o7JQneI\nTcAxWD7pRsKbXdjOgemt8LHgiSP3vyIJy0RfrngfMataSXySh1vpMqZLGK57wKxU\n0Tsk+E18vNMjrwZ8MUopuwvtyRClgtj5JZzq9wIDAQABAoIBAD9lSsVQO/Yc3gMg\n95sKPXLY20fretraDwIcULFI+XBS6aCRLr3E4ixITbu7DMWqOp0jHYGcjEQUTtL2\ndAOlGLx5gvwPu6YVqzU+Y9M+WepLrASiahUuflyLCYAwCV+qY51Olb3MkKwvyEea\nPckhjey4z0JTkeaeXE5dZC+AFCTLs2IIaRyK9ae+fmVvDzM93eueb+FMD+IxXdL6\n6SflQS69NBK/StUH6H2lO+Ki9bp7P3whk8ck2JnyZe9B/7pXGO/J7u2giCtp7Vgz\nUvGld0R26T3k8205ATHGGkSILI05cuuKaMI8usiyHP2z/ldsTMUETiVnhjaAyfes\nLf5huTkCgYEA46e6HBu7GDlES/gtq0W7p5m7w8Rpi9iV27OXnmoa1Fz7jDuFt/RW\n84XMn5ljTaK+LVJrMOLt8mh/9Dneyrtgd/M3mmeXSo1hdUKuFGZh/VtjkAzzqZYe\nHamVOuT77G98T3eEOaNN04lPkpo41I/cgGsZUVOyDYErCqDjEqUGi30CgYEAwz8x\nsiAWtGcQTHtaMfN++JlP4ECrZkYETveULM/oDWz1uyNSaOyxNmKzKeD6XCA3SrvB\nEbBKGg/G1RveRf3V5xJMBzHEwWXVI1g7ZSCq3xbLG4+XdqZVdGtavAMHgidW/ruB\n55XQKjr6TUoD+dHRqrWr+y/iQyeGFd2VV0nj0oMCgYEAxKYm8o7Vv6gAIeuAb5kt\n7ymx8vpf/cgaMwzgZJvdDyI+vDTSXkO3NGaYiiiyieaRho7SPwlXZ3TzSmEO3Wqc\neyDiIANpwaF81RDDVKXX8UWXLGCzvgMJgq/xU01nfCYVaIOh+TPiT18mGEoV2y9l\n1pws4357qISyTF0LqRhaHfUCgYAiSNJ9KM1T2FUwWOi5pLxDAwjXpAN07g6Ln0XR\nqKBi2yM7PTSXYBiuKB6119+elbmf0eBRLteUQ/jyKvaY673H2ZqoGMEoBK2siy3C\n0D2w9turd0dtej+/Naq1IQMMg8Pu7xYciF4JTFnvgHO6RnG+vC/656mfiS0uYb57\nmWn76QKBgByKTkpw8bFsOIVGQMcN59RINXoE9XoR7U6taW0k65komyHpBOenHWq/\n129oIKdVFZY/XVIhozqMb7YSIG+o2Rl82+6WWUyFgJdNt5iNhrQriyvuRucYvTFF\nCjaBq3pPHJzMSGvmD/8Yd1lZi1o/MiseQOxPxLkyOfY4HyyIG7Tw\n-----END RSA PRIVATE KEY-----\n",
            "public_key": "ssh-rsa AAAAB3NzaC1yc2EAAAADAQABAAABAQCtoPU7t9JHc8SPY6mkrXJCSj9oEhakJLGYBsqUO3gPR+yb7QkB6TZDfXWV5wkXLC0j3lmYcN2tAjPr/IXWRF3G36c4huGaqIMmU+haUSt5Y6339aFbvoV7uDb7JhITtCmidMBRKSPbrGMPUJrym/4kNgFAzv5Sh5Q2JtHCvoh/nULIyt31rqAYw1MX5NFiPIKqopPv++9fb8pzoh5h7lpOKAqdPaEqfpQH3Rp5Ou36jslCd4hNwDFYPulGwptd2M6B6a3wseCJI/e/IgnLRF+ueB8xq1pJfJKHW+kypksYrnvArFTROyT4TXy80yOvBnwxSim7C+3JEKWC2PklnOr3 Generated-by-Nova",
            "region": "osl1",
            "user_id": "",
            "value_specs": null
          },
          "sensitive_attributes": [],
          "private": "bnVsbA=="
        }
      ]
    }
  ],
  "check_results": null
}
