{
  "version": 4,
  "terraform_version": "1.3.9",
  "serial": 69,
  "lineage": "8233e73e-da12-2de2-7b2f-8e7523354fdd",
  "outputs": {
    "puppet_agent_ip": {
      "value": "10.68.0.242",
      "type": "string"
    },
    "puppet_master_ip": {
      "value": "212.162.147.198",
      "type": "string"
    }
  },
  "resources": [
    {
      "mode": "managed",
      "type": "openstack_compute_instance_v2",
      "name": "puppet_agent",
      "provider": "provider[\"registry.terraform.io/terraform-provider-openstack/openstack\"]",
      "instances": [
        {
          "schema_version": 0,
          "attributes": {
            "access_ip_v4": "10.68.0.242",
            "access_ip_v6": "[2a09:d400:0:2::157]",
            "admin_pass": null,
            "all_metadata": {},
            "all_tags": [],
            "availability_zone": "nova",
            "availability_zone_hints": null,
            "block_device": [],
            "config_drive": null,
            "created": "2023-03-15 12:59:01 +0000 UTC",
            "flavor_id": "9268de17-2d5b-4885-bc53-155f093aed6d",
            "flavor_name": "l2.c2r4.100",
            "floating_ip": null,
            "force_delete": false,
            "id": "e36084e8-3e0a-421f-a4cf-e50113ec5fdf",
            "image_id": "aac74808-9dba-4f49-a530-70a23b4163f3",
            "image_name": "ubuntu-22.04",
            "key_pair": "VM170-Key",
            "metadata": null,
            "name": "puppet-agent",
            "network": [
              {
                "access_network": false,
                "fixed_ip_v4": "10.68.0.242",
                "fixed_ip_v6": "[2a09:d400:0:2::157]",
                "floating_ip": "",
                "mac": "fa:16:3e:ee:01:86",
                "name": "default",
                "port": "",
                "uuid": "14ff54e0-80e4-492b-a54a-8c4d4097ed8f"
              }
            ],
            "network_mode": null,
            "personality": [],
            "power_state": "active",
            "region": "osl1",
            "scheduler_hints": [],
            "security_groups": [
              "default"
            ],
            "stop_before_destroy": false,
            "tags": null,
            "timeouts": null,
            "updated": "2023-03-15 12:59:07 +0000 UTC",
            "user_data": null,
            "vendor_options": [],
            "volume": []
          },
          "sensitive_attributes": [],
          "private": "eyJlMmJmYjczMC1lY2FhLTExZTYtOGY4OC0zNDM2M2JjN2M0YzAiOnsiY3JlYXRlIjoxODAwMDAwMDAwMDAwLCJkZWxldGUiOjE4MDAwMDAwMDAwMDAsInVwZGF0ZSI6MTgwMDAwMDAwMDAwMH19",
          "dependencies": [
            "openstack_compute_instance_v2.puppet_master"
          ]
        }
      ]
    },
    {
      "mode": "managed",
      "type": "openstack_compute_instance_v2",
      "name": "puppet_master",
      "provider": "provider[\"registry.terraform.io/terraform-provider-openstack/openstack\"]",
      "instances": [
        {
          "schema_version": 0,
          "attributes": {
            "access_ip_v4": "212.162.147.198",
            "access_ip_v6": "[2a09:d400:0:1::2ea]",
            "admin_pass": null,
            "all_metadata": {},
            "all_tags": [],
            "availability_zone": "nova",
            "availability_zone_hints": null,
            "block_device": [],
            "config_drive": null,
            "created": "2023-03-15 12:57:05 +0000 UTC",
            "flavor_id": "9268de17-2d5b-4885-bc53-155f093aed6d",
            "flavor_name": "l2.c2r4.100",
            "floating_ip": null,
            "force_delete": false,
            "id": "b2d7a619-d838-402e-9e2b-4a6c89c8279f",
            "image_id": "aac74808-9dba-4f49-a530-70a23b4163f3",
            "image_name": "ubuntu-22.04",
            "key_pair": "VM170-Key",
            "metadata": null,
            "name": "puppet_master",
            "network": [
              {
                "access_network": false,
                "fixed_ip_v4": "212.162.147.198",
                "fixed_ip_v6": "[2a09:d400:0:1::2ea]",
                "floating_ip": "",
                "mac": "fa:16:3e:93:38:e1",
                "name": "public",
                "port": "",
                "uuid": "33dc493f-f4d5-4ab4-bf8e-43bee3faf3ef"
              }
            ],
            "network_mode": null,
            "personality": [],
            "power_state": "active",
            "region": "osl1",
            "scheduler_hints": [],
            "security_groups": [
              "default"
            ],
            "stop_before_destroy": false,
            "tags": null,
            "timeouts": null,
            "updated": "2023-03-15 12:57:13 +0000 UTC",
            "user_data": null,
            "vendor_options": [],
            "volume": []
          },
          "sensitive_attributes": [],
          "private": "eyJlMmJmYjczMC1lY2FhLTExZTYtOGY4OC0zNDM2M2JjN2M0YzAiOnsiY3JlYXRlIjoxODAwMDAwMDAwMDAwLCJkZWxldGUiOjE4MDAwMDAwMDAwMDAsInVwZGF0ZSI6MTgwMDAwMDAwMDAwMH19"
        }
      ]
    }
  ],
  "check_results": null
}
